
Microsoft Visual Studio Solution File, Format Version 12.00
# Visual Studio Version 16
VisualStudioVersion = 16.0.28922.388
MinimumVisualStudioVersion = 10.0.40219.1
Project("{FAE04EC0-301F-11D3-BF4B-00C04F79EFBC}") = "HelloWorld", "HelloWorld\HelloWorld.csproj", "{E9C8FA1C-2AEC-4A87-A048-BD3D809C58AF}"
EndProject
Global
	GlobalSection(SolutionConfigurationPlatforms) = preSolution
		Debug|Any CPU = Debug|Any CPU
		Release|Any CPU = Release|Any CPU
	EndGlobalSection
	GlobalSection(ProjectConfigurationPlatforms) = postSolution
		{E9C8FA1C-2AEC-4A87-A048-BD3D809C58AF}.Debug|Any CPU.ActiveCfg = Debug|Any CPU
		{E9C8FA1C-2AEC-4A87-A048-BD3D809C58AF}.Debug|Any CPU.Build.0 = Debug|Any CPU
		{E9C8FA1C-2AEC-4A87-A048-BD3D809C58AF}.Release|Any CPU.ActiveCfg = Release|Any CPU
		{E9C8FA1C-2AEC-4A87-A048-BD3D809C58AF}.Release|Any CPU.Build.0 = Release|Any CPU
	EndGlobalSection
	GlobalSection(SolutionProperties) = preSolution
		HideSolutionNode = FALSE
	EndGlobalSection
	GlobalSection(ExtensibilityGlobals) = postSolution
		SolutionGuid = {C3C6DBCE-B821-4C95-B9DD-153EB2DBECC4}
	EndGlobalSection
EndGlobal
